// !$*UTF8*$!
{
	archiveVersion = 1;
	classes = {
	};
	objectVersion = 46;
	objects = {

/* Begin PBXBuildFile section */
		5B1043D81BC2977A0060FF2F /* excramethion.PNG in Resources */ = {isa = PBXBuildFile; fileRef = 5B1043D61BC2977A0060FF2F /* excramethion.PNG */; };
		5B1043D91BC2977A0060FF2F /* icon75-yuki.PNG in Resources */ = {isa = PBXBuildFile; fileRef = 5B1043D71BC2977A0060FF2F /* icon75-yuki.PNG */; };
		5B14240A1BBC0130005A656B /* AppDelegate.swift in Sources */ = {isa = PBXBuildFile; fileRef = 5B1424091BBC0130005A656B /* AppDelegate.swift */; };
		5B14240C1BBC0130005A656B /* ViewController.swift in Sources */ = {isa = PBXBuildFile; fileRef = 5B14240B1BBC0130005A656B /* ViewController.swift */; };
		5B14240F1BBC0130005A656B /* Main.storyboard in Resources */ = {isa = PBXBuildFile; fileRef = 5B14240D1BBC0130005A656B /* Main.storyboard */; };
		5B1424111BBC0130005A656B /* Images.xcassets in Resources */ = {isa = PBXBuildFile; fileRef = 5B1424101BBC0130005A656B /* Images.xcassets */; };
		5B1424141BBC0130005A656B /* LaunchScreen.xib in Resources */ = {isa = PBXBuildFile; fileRef = 5B1424121BBC0130005A656B /* LaunchScreen.xib */; };
		5B1424201BBC0130005A656B /* sasukene_aizuTests.swift in Sources */ = {isa = PBXBuildFile; fileRef = 5B14241F1BBC0130005A656B /* sasukene_aizuTests.swift */; };
		5B14242A1BBC0AE0005A656B /* MapKit.framework in Frameworks */ = {isa = PBXBuildFile; fileRef = 5B1424291BBC0AE0005A656B /* MapKit.framework */; };
		5B14242E1BBC124C005A656B /* saru-mae.png in Resources */ = {isa = PBXBuildFile; fileRef = 5B14242C1BBC124C005A656B /* saru-mae.png */; };
		5B14242F1BBC124C005A656B /* saru-mae2.png in Resources */ = {isa = PBXBuildFile; fileRef = 5B14242D1BBC124C005A656B /* saru-mae2.png */; };
		5B1424311BBC1D2A005A656B /* DrawView.swift in Sources */ = {isa = PBXBuildFile; fileRef = 5B1424301BBC1D2A005A656B /* DrawView.swift */; };
		5B5722461BBEB1CF00A24AEF /* beko.PNG in Resources */ = {isa = PBXBuildFile; fileRef = 5B5722431BBEB1CF00A24AEF /* beko.PNG */; };
		5B5722471BBEB1CF00A24AEF /* daruma300.PNG in Resources */ = {isa = PBXBuildFile; fileRef = 5B5722441BBEB1CF00A24AEF /* daruma300.PNG */; };
		5B5722481BBEB1CF00A24AEF /* logo.PNG in Resources */ = {isa = PBXBuildFile; fileRef = 5B5722451BBEB1CF00A24AEF /* logo.PNG */; };
		5B8A00141BBE9A6200721B7B /* latlong.csv in Resources */ = {isa = PBXBuildFile; fileRef = 5B8A00131BBE9A6200721B7B /* latlong.csv */; };
		5BDA6E5A1BBFC5C600996DD8 /* title_box.png in Resources */ = {isa = PBXBuildFile; fileRef = 5BDA6E591BBFC5C600996DD8 /* title_box.png */; };
/* End PBXBuildFile section */

/* Begin PBXContainerItemProxy section */
		5B14241A1BBC0130005A656B /* PBXContainerItemProxy */ = {
			isa = PBXContainerItemProxy;
			containerPortal = 5B1423FC1BBC0130005A656B /* Project object */;
			proxyType = 1;
			remoteGlobalIDString = 5B1424031BBC0130005A656B;
			remoteInfo = sasukene_aizu;
		};
/* End PBXContainerItemProxy section */

/* Begin PBXFileReference section */
		5B1043D61BC2977A0060FF2F /* excramethion.PNG */ = {isa = PBXFileReference; lastKnownFileType = image.png; path = excramethion.PNG; sourceTree = "<group>"; };
		5B1043D71BC2977A0060FF2F /* icon75-yuki.PNG */ = {isa = PBXFileReference; lastKnownFileType = image.png; path = "icon75-yuki.PNG"; sourceTree = "<group>"; };
		5B1424041BBC0130005A656B /* sasukene_aizu.app */ = {isa = PBXFileReference; explicitFileType = wrapper.application; includeInIndex = 0; path = sasukene_aizu.app; sourceTree = BUILT_PRODUCTS_DIR; };
		5B1424081BBC0130005A656B /* Info.plist */ = {isa = PBXFileReference; lastKnownFileType = text.plist.xml; path = Info.plist; sourceTree = "<group>"; };
		5B1424091BBC0130005A656B /* AppDelegate.swift */ = {isa = PBXFileReference; lastKnownFileType = sourcecode.swift; path = AppDelegate.swift; sourceTree = "<group>"; };
		5B14240B1BBC0130005A656B /* ViewController.swift */ = {isa = PBXFileReference; lastKnownFileType = sourcecode.swift; path = ViewController.swift; sourceTree = "<group>"; };
		5B14240E1BBC0130005A656B /* Base */ = {isa = PBXFileReference; lastKnownFileType = file.storyboard; name = Base; path = Base.lproj/Main.storyboard; sourceTree = "<group>"; };
		5B1424101BBC0130005A656B /* Images.xcassets */ = {isa = PBXFileReference; lastKnownFileType = folder.assetcatalog; path = Images.xcassets; sourceTree = "<group>"; };
		5B1424131BBC0130005A656B /* Base */ = {isa = PBXFileReference; lastKnownFileType = file.xib; name = Base; path = Base.lproj/LaunchScreen.xib; sourceTree = "<group>"; };
		5B1424191BBC0130005A656B /* sasukene_aizuTests.xctest */ = {isa = PBXFileReference; explicitFileType = wrapper.cfbundle; includeInIndex = 0; path = sasukene_aizuTests.xctest; sourceTree = BUILT_PRODUCTS_DIR; };
		5B14241E1BBC0130005A656B /* Info.plist */ = {isa = PBXFileReference; lastKnownFileType = text.plist.xml; path = Info.plist; sourceTree = "<group>"; };
		5B14241F1BBC0130005A656B /* sasukene_aizuTests.swift */ = {isa = PBXFileReference; lastKnownFileType = sourcecode.swift; path = sasukene_aizuTests.swift; sourceTree = "<group>"; };
		5B1424291BBC0AE0005A656B /* MapKit.framework */ = {isa = PBXFileReference; lastKnownFileType = wrapper.framework; name = MapKit.framework; path = System/Library/Frameworks/MapKit.framework; sourceTree = SDKROOT; };
		5B14242C1BBC124C005A656B /* saru-mae.png */ = {isa = PBXFileReference; lastKnownFileType = image.png; path = "saru-mae.png"; sourceTree = "<group>"; };
		5B14242D1BBC124C005A656B /* saru-mae2.png */ = {isa = PBXFileReference; lastKnownFileType = image.png; path = "saru-mae2.png"; sourceTree = "<group>"; };
		5B1424301BBC1D2A005A656B /* DrawView.swift */ = {isa = PBXFileReference; fileEncoding = 4; lastKnownFileType = sourcecode.swift; path = DrawView.swift; sourceTree = "<group>"; };
		5B5722431BBEB1CF00A24AEF /* beko.PNG */ = {isa = PBXFileReference; lastKnownFileType = image.png; path = beko.PNG; sourceTree = "<group>"; };
		5B5722441BBEB1CF00A24AEF /* daruma300.PNG */ = {isa = PBXFileReference; lastKnownFileType = image.png; path = daruma300.PNG; sourceTree = "<group>"; };
		5B5722451BBEB1CF00A24AEF /* logo.PNG */ = {isa = PBXFileReference; lastKnownFileType = image.png; path = logo.PNG; sourceTree = "<group>"; };
		5B8A00131BBE9A6200721B7B /* latlong.csv */ = {isa = PBXFileReference; fileEncoding = 4; lastKnownFileType = text; path = latlong.csv; sourceTree = SOURCE_ROOT; };
		5BDA6E591BBFC5C600996DD8 /* title_box.png */ = {isa = PBXFileReference; lastKnownFileType = image.png; path = title_box.png; sourceTree = "<group>"; };
/* End PBXFileReference section */

/* Begin PBXFrameworksBuildPhase section */
		5B1424011BBC0130005A656B /* Frameworks */ = {
			isa = PBXFrameworksBuildPhase;
			buildActionMask = 2147483647;
			files = (
				5B14242A1BBC0AE0005A656B /* MapKit.framework in Frameworks */,
			);
			runOnlyForDeploymentPostprocessing = 0;
		};
		5B1424161BBC0130005A656B /* Frameworks */ = {
			isa = PBXFrameworksBuildPhase;
			buildActionMask = 2147483647;
			files = (
			);
			runOnlyForDeploymentPostprocessing = 0;
		};
/* End PBXFrameworksBuildPhase section */

/* Begin PBXGroup section */
		5B1423FB1BBC012F005A656B = {
			isa = PBXGroup;
			children = (
				5B1424291BBC0AE0005A656B /* MapKit.framework */,
				5B1424061BBC0130005A656B /* sasukene_aizu */,
				5B14241C1BBC0130005A656B /* sasukene_aizuTests */,
				5B1424051BBC0130005A656B /* Products */,
			);
			sourceTree = "<group>";
		};
		5B1424051BBC0130005A656B /* Products */ = {
			isa = PBXGroup;
			children = (
				5B1424041BBC0130005A656B /* sasukene_aizu.app */,
				5B1424191BBC0130005A656B /* sasukene_aizuTests.xctest */,
			);
			name = Products;
			sourceTree = "<group>";
		};
		5B1424061BBC0130005A656B /* sasukene_aizu */ = {
			isa = PBXGroup;
			children = (
				5B14242B1BBC124C005A656B /* picture */,
				5B1424091BBC0130005A656B /* AppDelegate.swift */,
				5B14240B1BBC0130005A656B /* ViewController.swift */,
				5B1424301BBC1D2A005A656B /* DrawView.swift */,
				5B14240D1BBC0130005A656B /* Main.storyboard */,
				5B1424101BBC0130005A656B /* Images.xcassets */,
				5B1424121BBC0130005A656B /* LaunchScreen.xib */,
				5B1424071BBC0130005A656B /* Supporting Files */,
			);
			path = sasukene_aizu;
			sourceTree = "<group>";
		};
		5B1424071BBC0130005A656B /* Supporting Files */ = {
			isa = PBXGroup;
			children = (
				5B8A00131BBE9A6200721B7B /* latlong.csv */,
				5B1424081BBC0130005A656B /* Info.plist */,
			);
			name = "Supporting Files";
			sourceTree = "<group>";
		};
		5B14241C1BBC0130005A656B /* sasukene_aizuTests */ = {
			isa = PBXGroup;
			children = (
				5B14241F1BBC0130005A656B /* sasukene_aizuTests.swift */,
				5B14241D1BBC0130005A656B /* Supporting Files */,
			);
			path = sasukene_aizuTests;
			sourceTree = "<group>";
		};
		5B14241D1BBC0130005A656B /* Supporting Files */ = {
			isa = PBXGroup;
			children = (
				5B14241E1BBC0130005A656B /* Info.plist */,
			);
			name = "Supporting Files";
			sourceTree = "<group>";
		};
		5B14242B1BBC124C005A656B /* picture */ = {
			isa = PBXGroup;
			children = (
				5B1043D61BC2977A0060FF2F /* excramethion.PNG */,
				5B1043D71BC2977A0060FF2F /* icon75-yuki.PNG */,
				5B5722431BBEB1CF00A24AEF /* beko.PNG */,
				5B5722441BBEB1CF00A24AEF /* daruma300.PNG */,
				5B5722451BBEB1CF00A24AEF /* logo.PNG */,
				5B14242C1BBC124C005A656B /* saru-mae.png */,
				5B14242D1BBC124C005A656B /* saru-mae2.png */,
				5BDA6E591BBFC5C600996DD8 /* title_box.png */,
			);
			path = picture;
			sourceTree = SOURCE_ROOT;
		};
/* End PBXGroup section */

/* Begin PBXNativeTarget section */
		5B1424031BBC0130005A656B /* sasukene_aizu */ = {
			isa = PBXNativeTarget;
			buildConfigurationList = 5B1424231BBC0130005A656B /* Build configuration list for PBXNativeTarget "sasukene_aizu" */;
			buildPhases = (
				5B1424001BBC0130005A656B /* Sources */,
				5B1424011BBC0130005A656B /* Frameworks */,
				5B1424021BBC0130005A656B /* Resources */,
			);
			buildRules = (
			);
			dependencies = (
			);
			name = sasukene_aizu;
			productName = sasukene_aizu;
			productReference = 5B1424041BBC0130005A656B /* sasukene_aizu.app */;
			productType = "com.apple.product-type.application";
		};
		5B1424181BBC0130005A656B /* sasukene_aizuTests */ = {
			isa = PBXNativeTarget;
			buildConfigurationList = 5B1424261BBC0130005A656B /* Build configuration list for PBXNativeTarget "sasukene_aizuTests" */;
			buildPhases = (
				5B1424151BBC0130005A656B /* Sources */,
				5B1424161BBC0130005A656B /* Frameworks */,
				5B1424171BBC0130005A656B /* Resources */,
			);
			buildRules = (
			);
			dependencies = (
				5B14241B1BBC0130005A656B /* PBXTargetDependency */,
			);
			name = sasukene_aizuTests;
			productName = sasukene_aizuTests;
			productReference = 5B1424191BBC0130005A656B /* sasukene_aizuTests.xctest */;
			productType = "com.apple.product-type.bundle.unit-test";
		};
/* End PBXNativeTarget section */

/* Begin PBXProject section */
		5B1423FC1BBC0130005A656B /* Project object */ = {
			isa = PBXProject;
			attributes = {
				LastUpgradeCheck = 0640;
				ORGANIZATIONNAME = "市川 博之";
				TargetAttributes = {
					5B1424031BBC0130005A656B = {
						CreatedOnToolsVersion = 6.4;
						DevelopmentTeam = RKH7NJ28MM;
					};
					5B1424181BBC0130005A656B = {
						CreatedOnToolsVersion = 6.4;
						TestTargetID = 5B1424031BBC0130005A656B;
					};
				};
			};
			buildConfigurationList = 5B1423FF1BBC0130005A656B /* Build configuration list for PBXProject "sasukene_aizu" */;
			compatibilityVersion = "Xcode 3.2";
			developmentRegion = English;
			hasScannedForEncodings = 0;
			knownRegions = (
				en,
				Base,
			);
			mainGroup = 5B1423FB1BBC012F005A656B;
			productRefGroup = 5B1424051BBC0130005A656B /* Products */;
			projectDirPath = "";
			projectRoot = "";
			targets = (
				5B1424031BBC0130005A656B /* sasukene_aizu */,
				5B1424181BBC0130005A656B /* sasukene_aizuTests */,
			);
		};
/* End PBXProject section */

/* Begin PBXResourcesBuildPhase section */
		5B1424021BBC0130005A656B /* Resources */ = {
			isa = PBXResourcesBuildPhase;
			buildActionMask = 2147483647;
			files = (
				5B14240F1BBC0130005A656B /* Main.storyboard in Resources */,
				5B5722481BBEB1CF00A24AEF /* logo.PNG in Resources */,
				5BDA6E5A1BBFC5C600996DD8 /* title_box.png in Resources */,
				5B14242F1BBC124C005A656B /* saru-mae2.png in Resources */,
				5B5722461BBEB1CF00A24AEF /* beko.PNG in Resources */,
				5B1424141BBC0130005A656B /* LaunchScreen.xib in Resources */,
				5B1043D81BC2977A0060FF2F /* excramethion.PNG in Resources */,
				5B14242E1BBC124C005A656B /* saru-mae.png in Resources */,
				5B5722471BBEB1CF00A24AEF /* daruma300.PNG in Resources */,
				5B8A00141BBE9A6200721B7B /* latlong.csv in Resources */,
				5B1043D91BC2977A0060FF2F /* icon75-yuki.PNG in Resources */,
				5B1424111BBC0130005A656B /* Images.xcassets in Resources */,
			);
			runOnlyForDeploymentPostprocessing = 0;
		};
		5B1424171BBC0130005A656B /* Resources */ = {
			isa = PBXResourcesBuildPhase;
			buildActionMask = 2147483647;
			files = (
			);
			runOnlyForDeploymentPostprocessing = 0;
		};
/* End PBXResourcesBuildPhase section */

/* Begin PBXSourcesBuildPhase section */
		5B1424001BBC0130005A656B /* Sources */ = {
			isa = PBXSourcesBuildPhase;
			buildActionMask = 2147483647;
			files = (
				5B14240C1BBC0130005A656B /* ViewController.swift in Sources */,
				5B14240A1BBC0130005A656B /* AppDelegate.swift in Sources */,
				5B1424311BBC1D2A005A656B /* DrawView.swift in Sources */,
			);
			runOnlyForDeploymentPostprocessing = 0;
		};
		5B1424151BBC0130005A656B /* Sources */ = {
			isa = PBXSourcesBuildPhase;
			buildActionMask = 2147483647;
			files = (
				5B1424201BBC0130005A656B /* sasukene_aizuTests.swift in Sources */,
			);
			runOnlyForDeploymentPostprocessing = 0;
		};
/* End PBXSourcesBuildPhase section */

/* Begin PBXTargetDependency section */
		5B14241B1BBC0130005A656B /* PBXTargetDependency */ = {
			isa = PBXTargetDependency;
			target = 5B1424031BBC0130005A656B /* sasukene_aizu */;
			targetProxy = 5B14241A1BBC0130005A656B /* PBXContainerItemProxy */;
		};
/* End PBXTargetDependency section */

/* Begin PBXVariantGroup section */
		5B14240D1BBC0130005A656B /* Main.storyboard */ = {
			isa = PBXVariantGroup;
			children = (
				5B14240E1BBC0130005A656B /* Base */,
			);
			name = Main.storyboard;
			sourceTree = "<group>";
		};
		5B1424121BBC0130005A656B /* LaunchScreen.xib */ = {
			isa = PBXVariantGroup;
			children = (
				5B1424131BBC0130005A656B /* Base */,
			);
			name = LaunchScreen.xib;
			sourceTree = "<group>";
		};
/* End PBXVariantGroup section */

/* Begin XCBuildConfiguration section */
		5B1424211BBC0130005A656B /* Debug */ = {
			isa = XCBuildConfiguration;
			buildSettings = {
				ALWAYS_SEARCH_USER_PATHS = NO;
				CLANG_CXX_LANGUAGE_STANDARD = "gnu++0x";
				CLANG_CXX_LIBRARY = "libc++";
				CLANG_ENABLE_MODULES = YES;
				CLANG_ENABLE_OBJC_ARC = YES;
				CLANG_WARN_BOOL_CONVERSION = YES;
				CLANG_WARN_CONSTANT_CONVERSION = YES;
				CLANG_WARN_DIRECT_OBJC_ISA_USAGE = YES_ERROR;
				CLANG_WARN_EMPTY_BODY = YES;
				CLANG_WARN_ENUM_CONVERSION = YES;
				CLANG_WARN_INT_CONVERSION = YES;
				CLANG_WARN_OBJC_ROOT_CLASS = YES_ERROR;
				CLANG_WARN_UNREACHABLE_CODE = YES;
				CLANG_WARN__DUPLICATE_METHOD_MATCH = YES;
				"CODE_SIGN_IDENTITY[sdk=iphoneos*]" = "iPhone Developer";
				COPY_PHASE_STRIP = NO;
				DEBUG_INFORMATION_FORMAT = "dwarf-with-dsym";
				ENABLE_STRICT_OBJC_MSGSEND = YES;
				GCC_C_LANGUAGE_STANDARD = gnu99;
				GCC_DYNAMIC_NO_PIC = NO;
				GCC_NO_COMMON_BLOCKS = YES;
				GCC_OPTIMIZATION_LEVEL = 0;
				GCC_PREPROCESSOR_DEFINITIONS = (
					"DEBUG=1",
					"$(inherited)",
				);
				GCC_SYMBOLS_PRIVATE_EXTERN = NO;
				GCC_WARN_64_TO_32_BIT_CONVERSION = YES;
				GCC_WARN_ABOUT_RETURN_TYPE = YES_ERROR;
				GCC_WARN_UNDECLARED_SELECTOR = YES;
				GCC_WARN_UNINITIALIZED_AUTOS = YES_AGGRESSIVE;
				GCC_WARN_UNUSED_FUNCTION = YES;
				GCC_WARN_UNUSED_VARIABLE = YES;
				IPHONEOS_DEPLOYMENT_TARGET = 8.4;
				MTL_ENABLE_DEBUG_INFO = YES;
				ONLY_ACTIVE_ARCH = YES;
				SDKROOT = iphoneos;
				SWIFT_OPTIMIZATION_LEVEL = "-Onone";
				TARGETED_DEVICE_FAMILY = 2;
			};
			name = Debug;
		};
		5B1424221BBC0130005A656B /* Release */ = {
			isa = XCBuildConfiguration;
			buildSettings = {
				ALWAYS_SEARCH_USER_PATHS = NO;
				CLANG_CXX_LANGUAGE_STANDARD = "gnu++0x";
				CLANG_CXX_LIBRARY = "libc++";
				CLANG_ENABLE_MODULES = YES;
				CLANG_ENABLE_OBJC_ARC = YES;
				CLANG_WARN_BOOL_CONVERSION = YES;
				CLANG_WARN_CONSTANT_CONVERSION = YES;
				CLANG_WARN_DIRECT_OBJC_ISA_USAGE = YES_ERROR;
				CLANG_WARN_EMPTY_BODY = YES;
				CLANG_WARN_ENUM_CONVERSION = YES;
				CLANG_WARN_INT_CONVERSION = YES;
				CLANG_WARN_OBJC_ROOT_CLASS = YES_ERROR;
				CLANG_WARN_UNREACHABLE_CODE = YES;
				CLANG_WARN__DUPLICATE_METHOD_MATCH = YES;
				"CODE_SIGN_IDENTITY[sdk=iphoneos*]" = "iPhone Developer";
				COPY_PHASE_STRIP = NO;
				DEBUG_INFORMATION_FORMAT = "dwarf-with-dsym";
				ENABLE_NS_ASSERTIONS = NO;
				ENABLE_STRICT_OBJC_MSGSEND = YES;
				GCC_C_LANGUAGE_STANDARD = gnu99;
				GCC_NO_COMMON_BLOCKS = YES;
				GCC_WARN_64_TO_32_BIT_CONVERSION = YES;
				GCC_WARN_ABOUT_RETURN_TYPE = YES_ERROR;
				GCC_WARN_UNDECLARED_SELECTOR = YES;
				GCC_WARN_UNINITIALIZED_AUTOS = YES_AGGRESSIVE;
				GCC_WARN_UNUSED_FUNCTION = YES;
				GCC_WARN_UNUSED_VARIABLE = YES;
				IPHONEOS_DEPLOYMENT_TARGET = 8.4;
				MTL_ENABLE_DEBUG_INFO = NO;
				SDKROOT = iphoneos;
				TARGETED_DEVICE_FAMILY = 2;
				VALIDATE_PRODUCT = YES;
			};
			name = Release;
		};
		5B1424241BBC0130005A656B /* Debug */ = {
			isa = XCBuildConfiguration;
			buildSettings = {
				ASSETCATALOG_COMPILER_APPICON_NAME = AppIcon;
				CODE_SIGN_IDENTITY = "iPhone Developer";
				INFOPLIST_FILE = sasukene_aizu/Info.plist;
				LD_RUNPATH_SEARCH_PATHS = "$(inherited) @executable_path/Frameworks";
				PRODUCT_NAME = "$(TARGET_NAME)";
			};
			name = Debug;
		};
		5B1424251BBC0130005A656B /* Release */ = {
			isa = XCBuildConfiguration;
			buildSettings = {
				ASSETCATALOG_COMPILER_APPICON_NAME = AppIcon;
				CODE_SIGN_IDENTITY = "iPhone Developer";
				INFOPLIST_FILE = sasukene_aizu/Info.plist;
				LD_RUNPATH_SEARCH_PATHS = "$(inherited) @executable_path/Frameworks";
				PRODUCT_NAME = "$(TARGET_NAME)";
			};
			name = Release;
		};
		5B1424271BBC0130005A656B /* Debug */ = {
			isa = XCBuildConfiguration;
			buildSettings = {
				BUNDLE_LOADER = "$(TEST_HOST)";
				FRAMEWORK_SEARCH_PATHS = (
					"$(SDKROOT)/Developer/Library/Frameworks",
					"$(inherited)",
				);
				GCC_PREPROCESSOR_DEFINITIONS = (
					"DEBUG=1",
					"$(inherited)",
				);
				INFOPLIST_FILE = sasukene_aizuTests/Info.plist;
				LD_RUNPATH_SEARCH_PATHS = "$(inherited) @executable_path/Frameworks @loader_path/Frameworks";
				PRODUCT_NAME = "$(TARGET_NAME)";
				TEST_HOST = "$(BUILT_PRODUCTS_DIR)/sasukene_aizu.app/sasukene_aizu";
			};
			name = Debug;
		};
		5B1424281BBC0130005A656B /* Release */ = {
			isa = XCBuildConfiguration;
			buildSettings = {
				BUNDLE_LOADER = "$(TEST_HOST)";
				FRAMEWORK_SEARCH_PATHS = (
					"$(SDKROOT)/Developer/Library/Frameworks",
					"$(inherited)",
				);
				INFOPLIST_FILE = sasukene_aizuTests/Info.plist;
				LD_RUNPATH_SEARCH_PATHS = "$(inherited) @executable_path/Frameworks @loader_path/Frameworks";
				PRODUCT_NAME = "$(TARGET_NAME)";
				TEST_HOST = "$(BUILT_PRODUCTS_DIR)/sasukene_aizu.app/sasukene_aizu";
			};
			name = Release;
		};
/* End XCBuildConfiguration section */

/* Begin XCConfigurationList section */
		5B1423FF1BBC0130005A656B /* Build configuration list for PBXProject "sasukene_aizu" */ = {
			isa = XCConfigurationList;
			buildConfigurations = (
				5B1424211BBC0130005A656B /* Debug */,
				5B1424221BBC0130005A656B /* Release */,
			);
			defaultConfigurationIsVisible = 0;
			defaultConfigurationName = Release;
		};
		5B1424231BBC0130005A656B /* Build configuration list for PBXNativeTarget "sasukene_aizu" */ = {
			isa = XCConfigurationList;
			buildConfigurations = (
				5B1424241BBC0130005A656B /* Debug */,
				5B1424251BBC0130005A656B /* Release */,
			);
			defaultConfigurationIsVisible = 0;
			defaultConfigurationName = Release;
		};
		5B1424261BBC0130005A656B /* Build configuration list for PBXNativeTarget "sasukene_aizuTests" */ = {
			isa = XCConfigurationList;
			buildConfigurations = (
				5B1424271BBC0130005A656B /* Debug */,
				5B1424281BBC0130005A656B /* Release */,
			);
			defaultConfigurationIsVisible = 0;
			defaultConfigurationName = Release;
		};
/* End XCConfigurationList section */
	};
	rootObject = 5B1423FC1BBC0130005A656B /* Project object */;
}
